PODS:
  - Masonry (1.1.0)
  - SDWebImage (4.2.1):
    - SDWebImage/Core (= 4.2.1)
  - SDWebImage/Core (4.2.1)
  - YYKit (1.0.9):
    - YYKit/no-arc (= 1.0.9)
  - YYKit/no-arc (1.0.9)

DEPENDENCIES:
  - Masonry (~> 1.1.0)
  - SDWebImage (~> 4.2.1)
  - YYKit (~> 1.0.9)

SPEC CHECKSUMS:
  Masonry: 678fab65091a9290e40e2832a55e7ab731aad201
  SDWebImage: 1fa4c9edf525b744f002db89f3f5a38b3cd4c541
  YYKit: 7cda43304a8dc3696c449041e2cb3107b4e236e7

PODFILE CHECKSUM: da1cce8597f54b8f6cc5d99313e1d87b0be6f07d

COCOAPODS: 1.2.0
