// !$*UTF8*$!
{
	archiveVersion = 1;
	classes = {
	};
	objectVersion = 46;
	objects = {

/* Begin PBXBuildFile section */
		0D576AE11E892177004DD88A /* main.m in Sources */ = {isa = PBXBuildFile; fileRef = 0D576AE01E892177004DD88A /* main.m */; };
		0D576AE41E892177004DD88A /* AppDelegate.m in Sources */ = {isa = PBXBuildFile; fileRef = 0D576AE31E892177004DD88A /* AppDelegate.m */; };
		0D576AE71E892177004DD88A /* ViewController.m in Sources */ = {isa = PBXBuildFile; fileRef = 0D576AE61E892177004DD88A /* ViewController.m */; };
		0D576AEA1E892177004DD88A /* Main.storyboard in Resources */ = {isa = PBXBuildFile; fileRef = 0D576AE81E892177004DD88A /* Main.storyboard */; };
		0D576AEC1E892177004DD88A /* Assets.xcassets in Resources */ = {isa = PBXBuildFile; fileRef = 0D576AEB1E892177004DD88A /* Assets.xcassets */; };
		0D576AEF1E892177004DD88A /* LaunchScreen.storyboard in Resources */ = {isa = PBXBuildFile; fileRef = 0D576AED1E892177004DD88A /* LaunchScreen.storyboard */; };
		0D576AFA1E892177004DD88A /* LWImageBrowserTests.m in Sources */ = {isa = PBXBuildFile; fileRef = 0D576AF91E892177004DD88A /* LWImageBrowserTests.m */; };
		0D576B051E892177004DD88A /* LWImageBrowserUITests.m in Sources */ = {isa = PBXBuildFile; fileRef = 0D576B041E892177004DD88A /* LWImageBrowserUITests.m */; };
		0DEE743D1FE76A2A0046A983 /* BXLImageCollectionCellModel.m in Sources */ = {isa = PBXBuildFile; fileRef = 0DEE742E1FE76A2A0046A983 /* BXLImageCollectionCellModel.m */; };
		0DEE743E1FE76A2A0046A983 /* BXLImageCollectionView.m in Sources */ = {isa = PBXBuildFile; fileRef = 0DEE74301FE76A2A0046A983 /* BXLImageCollectionView.m */; };
		0DEE743F1FE76A2A0046A983 /* BXLImageCollectionViewCell.m in Sources */ = {isa = PBXBuildFile; fileRef = 0DEE74321FE76A2A0046A983 /* BXLImageCollectionViewCell.m */; };
		0DEE74401FE76A2A0046A983 /* BXLImageCollectionViewCell.xib in Resources */ = {isa = PBXBuildFile; fileRef = 0DEE74331FE76A2A0046A983 /* BXLImageCollectionViewCell.xib */; };
		0DEE74411FE76A2A0046A983 /* BXLBrowserImageCellModel.m in Sources */ = {isa = PBXBuildFile; fileRef = 0DEE74361FE76A2A0046A983 /* BXLBrowserImageCellModel.m */; };
		0DEE74421FE76A2A0046A983 /* BXLBrowserImageCollectionViewCell.m in Sources */ = {isa = PBXBuildFile; fileRef = 0DEE74381FE76A2A0046A983 /* BXLBrowserImageCollectionViewCell.m */; };
		0DEE74431FE76A2A0046A983 /* BXLBrowserImageManager.m in Sources */ = {isa = PBXBuildFile; fileRef = 0DEE743A1FE76A2A0046A983 /* BXLBrowserImageManager.m */; };
		0DEE74441FE76A2A0046A983 /* BXLBrowserImageViewController.m in Sources */ = {isa = PBXBuildFile; fileRef = 0DEE743C1FE76A2A0046A983 /* BXLBrowserImageViewController.m */; };
		4D6423B283273B7B8D670374 /* libPods-LWImageBrowserUITests.a in Frameworks */ = {isa = PBXBuildFile; fileRef = 212A240E927A19B68B3B6761 /* libPods-LWImageBrowserUITests.a */; };
		F694E744A4D24C296D1E2FCE /* libPods-LWImageBrowser.a in Frameworks */ = {isa = PBXBuildFile; fileRef = 68C17001F1980C8086495B58 /* libPods-LWImageBrowser.a */; };
		FF9B250016CDDD1DD13C910C /* libPods-LWImageBrowserTests.a in Frameworks */ = {isa = PBXBuildFile; fileRef = A8B7DF343C6499E5A16FD4DA /* libPods-LWImageBrowserTests.a */; };
/* End PBXBuildFile section */

/* Begin PBXContainerItemProxy section */
		0D576AF61E892177004DD88A /* PBXContainerItemProxy */ = {
			isa = PBXContainerItemProxy;
			containerPortal = 0D576AD41E892177004DD88A /* Project object */;
			proxyType = 1;
			remoteGlobalIDString = 0D576ADB1E892177004DD88A;
			remoteInfo = LWImageBrowser;
		};
		0D576B011E892177004DD88A /* PBXContainerItemProxy */ = {
			isa = PBXContainerItemProxy;
			containerPortal = 0D576AD41E892177004DD88A /* Project object */;
			proxyType = 1;
			remoteGlobalIDString = 0D576ADB1E892177004DD88A;
			remoteInfo = LWImageBrowser;
		};
/* End PBXContainerItemProxy section */

/* Begin PBXFileReference section */
		0D576ADC1E892177004DD88A /* LWImageBrowser.app */ = {isa = PBXFileReference; explicitFileType = wrapper.application; includeInIndex = 0; path = LWImageBrowser.app; sourceTree = BUILT_PRODUCTS_DIR; };
		0D576AE01E892177004DD88A /* main.m */ = {isa = PBXFileReference; lastKnownFileType = sourcecode.c.objc; path = main.m; sourceTree = "<group>"; };
		0D576AE21E892177004DD88A /* AppDelegate.h */ = {isa = PBXFileReference; lastKnownFileType = sourcecode.c.h; path = AppDelegate.h; sourceTree = "<group>"; };
		0D576AE31E892177004DD88A /* AppDelegate.m */ = {isa = PBXFileReference; lastKnownFileType = sourcecode.c.objc; path = AppDelegate.m; sourceTree = "<group>"; };
		0D576AE51E892177004DD88A /* ViewController.h */ = {isa = PBXFileReference; lastKnownFileType = sourcecode.c.h; path = ViewController.h; sourceTree = "<group>"; };
		0D576AE61E892177004DD88A /* ViewController.m */ = {isa = PBXFileReference; lastKnownFileType = sourcecode.c.objc; path = ViewController.m; sourceTree = "<group>"; };
		0D576AE91E892177004DD88A /* Base */ = {isa = PBXFileReference; lastKnownFileType = file.storyboard; name = Base; path = Base.lproj/Main.storyboard; sourceTree = "<group>"; };
		0D576AEB1E892177004DD88A /* Assets.xcassets */ = {isa = PBXFileReference; lastKnownFileType = folder.assetcatalog; path = Assets.xcassets; sourceTree = "<group>"; };
		0D576AEE1E892177004DD88A /* Base */ = {isa = PBXFileReference; lastKnownFileType = file.storyboard; name = Base; path = Base.lproj/LaunchScreen.storyboard; sourceTree = "<group>"; };
		0D576AF01E892177004DD88A /* Info.plist */ = {isa = PBXFileReference; lastKnownFileType = text.plist.xml; path = Info.plist; sourceTree = "<group>"; };
		0D576AF51E892177004DD88A /* LWImageBrowserTests.xctest */ = {isa = PBXFileReference; explicitFileType = wrapper.cfbundle; includeInIndex = 0; path = LWImageBrowserTests.xctest; sourceTree = BUILT_PRODUCTS_DIR; };
		0D576AF91E892177004DD88A /* LWImageBrowserTests.m */ = {isa = PBXFileReference; lastKnownFileType = sourcecode.c.objc; path = LWImageBrowserTests.m; sourceTree = "<group>"; };
		0D576AFB1E892177004DD88A /* Info.plist */ = {isa = PBXFileReference; lastKnownFileType = text.plist.xml; path = Info.plist; sourceTree = "<group>"; };
		0D576B001E892177004DD88A /* LWImageBrowserUITests.xctest */ = {isa = PBXFileReference; explicitFileType = wrapper.cfbundle; includeInIndex = 0; path = LWImageBrowserUITests.xctest; sourceTree = BUILT_PRODUCTS_DIR; };
		0D576B041E892177004DD88A /* LWImageBrowserUITests.m */ = {isa = PBXFileReference; lastKnownFileType = sourcecode.c.objc; path = LWImageBrowserUITests.m; sourceTree = "<group>"; };
		0D576B061E892177004DD88A /* Info.plist */ = {isa = PBXFileReference; lastKnownFileType = text.plist.xml; path = Info.plist; sourceTree = "<group>"; };
		0DBB9D342058F4F7002010A5 /* BXLBrowserHeader.h */ = {isa = PBXFileReference; lastKnownFileType = sourcecode.c.h; path = BXLBrowserHeader.h; sourceTree = "<group>"; };
		0DEE742D1FE76A2A0046A983 /* BXLImageCollectionCellModel.h */ = {isa = PBXFileReference; fileEncoding = 4; lastKnownFileType = sourcecode.c.h; path = BXLImageCollectionCellModel.h; sourceTree = "<group>"; };
		0DEE742E1FE76A2A0046A983 /* BXLImageCollectionCellModel.m */ = {isa = PBXFileReference; fileEncoding = 4; lastKnownFileType = sourcecode.c.objc; path = BXLImageCollectionCellModel.m; sourceTree = "<group>"; };
		0DEE742F1FE76A2A0046A983 /* BXLImageCollectionView.h */ = {isa = PBXFileReference; fileEncoding = 4; lastKnownFileType = sourcecode.c.h; path = BXLImageCollectionView.h; sourceTree = "<group>"; };
		0DEE74301FE76A2A0046A983 /* BXLImageCollectionView.m */ = {isa = PBXFileReference; fileEncoding = 4; lastKnownFileType = sourcecode.c.objc; path = BXLImageCollectionView.m; sourceTree = "<group>"; };
		0DEE74311FE76A2A0046A983 /* BXLImageCollectionViewCell.h */ = {isa = PBXFileReference; fileEncoding = 4; lastKnownFileType = sourcecode.c.h; path = BXLImageCollectionViewCell.h; sourceTree = "<group>"; };
		0DEE74321FE76A2A0046A983 /* BXLImageCollectionViewCell.m */ = {isa = PBXFileReference; fileEncoding = 4; lastKnownFileType = sourcecode.c.objc; path = BXLImageCollectionViewCell.m; sourceTree = "<group>"; };
		0DEE74331FE76A2A0046A983 /* BXLImageCollectionViewCell.xib */ = {isa = PBXFileReference; fileEncoding = 4; lastKnownFileType = file.xib; path = BXLImageCollectionViewCell.xib; sourceTree = "<group>"; };
		0DEE74351FE76A2A0046A983 /* BXLBrowserImageCellModel.h */ = {isa = PBXFileReference; fileEncoding = 4; lastKnownFileType = sourcecode.c.h; path = BXLBrowserImageCellModel.h; sourceTree = "<group>"; };
		0DEE74361FE76A2A0046A983 /* BXLBrowserImageCellModel.m */ = {isa = PBXFileReference; fileEncoding = 4; lastKnownFileType = sourcecode.c.objc; path = BXLBrowserImageCellModel.m; sourceTree = "<group>"; };
		0DEE74371FE76A2A0046A983 /* BXLBrowserImageCollectionViewCell.h */ = {isa = PBXFileReference; fileEncoding = 4; lastKnownFileType = sourcecode.c.h; path = BXLBrowserImageCollectionViewCell.h; sourceTree = "<group>"; };
		0DEE74381FE76A2A0046A983 /* BXLBrowserImageCollectionViewCell.m */ = {isa = PBXFileReference; fileEncoding = 4; lastKnownFileType = sourcecode.c.objc; path = BXLBrowserImageCollectionViewCell.m; sourceTree = "<group>"; };
		0DEE74391FE76A2A0046A983 /* BXLBrowserImageManager.h */ = {isa = PBXFileReference; fileEncoding = 4; lastKnownFileType = sourcecode.c.h; path = BXLBrowserImageManager.h; sourceTree = "<group>"; };
		0DEE743A1FE76A2A0046A983 /* BXLBrowserImageManager.m */ = {isa = PBXFileReference; fileEncoding = 4; lastKnownFileType = sourcecode.c.objc; path = BXLBrowserImageManager.m; sourceTree = "<group>"; };
		0DEE743B1FE76A2A0046A983 /* BXLBrowserImageViewController.h */ = {isa = PBXFileReference; fileEncoding = 4; lastKnownFileType = sourcecode.c.h; path = BXLBrowserImageViewController.h; sourceTree = "<group>"; };
		0DEE743C1FE76A2A0046A983 /* BXLBrowserImageViewController.m */ = {isa = PBXFileReference; fileEncoding = 4; lastKnownFileType = sourcecode.c.objc; path = BXLBrowserImageViewController.m; sourceTree = "<group>"; };
		0DEE74451FE76BC80046A983 /* PrefixHeader.pch */ = {isa = PBXFileReference; lastKnownFileType = sourcecode.c.h; path = PrefixHeader.pch; sourceTree = "<group>"; };
		1BB37B03DE879EEF06E9B2A2 /* Pods-LWImageBrowser.debug.xcconfig */ = {isa = PBXFileReference; includeInIndex = 1; lastKnownFileType = text.xcconfig; name = "Pods-LWImageBrowser.debug.xcconfig"; path = "Pods/Target Support Files/Pods-LWImageBrowser/Pods-LWImageBrowser.debug.xcconfig"; sourceTree = "<group>"; };
		212A240E927A19B68B3B6761 /* libPods-LWImageBrowserUITests.a */ = {isa = PBXFileReference; explicitFileType = archive.ar; includeInIndex = 0; path = "libPods-LWImageBrowserUITests.a"; sourceTree = BUILT_PRODUCTS_DIR; };
		2B1973415271A914FD129C5C /* Pods-LWImageBrowserTests.release.xcconfig */ = {isa = PBXFileReference; includeInIndex = 1; lastKnownFileType = text.xcconfig; name = "Pods-LWImageBrowserTests.release.xcconfig"; path = "Pods/Target Support Files/Pods-LWImageBrowserTests/Pods-LWImageBrowserTests.release.xcconfig"; sourceTree = "<group>"; };
		3CA8311D5AB5BA7240ABDC5A /* Pods-LWImageBrowserUITests.release.xcconfig */ = {isa = PBXFileReference; includeInIndex = 1; lastKnownFileType = text.xcconfig; name = "Pods-LWImageBrowserUITests.release.xcconfig"; path = "Pods/Target Support Files/Pods-LWImageBrowserUITests/Pods-LWImageBrowserUITests.release.xcconfig"; sourceTree = "<group>"; };
		68C17001F1980C8086495B58 /* libPods-LWImageBrowser.a */ = {isa = PBXFileReference; explicitFileType = archive.ar; includeInIndex = 0; path = "libPods-LWImageBrowser.a"; sourceTree = BUILT_PRODUCTS_DIR; };
		78F631BD867FE53724DC50BD /* Pods-LWImageBrowserUITests.debug.xcconfig */ = {isa = PBXFileReference; includeInIndex = 1; lastKnownFileType = text.xcconfig; name = "Pods-LWImageBrowserUITests.debug.xcconfig"; path = "Pods/Target Support Files/Pods-LWImageBrowserUITests/Pods-LWImageBrowserUITests.debug.xcconfig"; sourceTree = "<group>"; };
		A8B7DF343C6499E5A16FD4DA /* libPods-LWImageBrowserTests.a */ = {isa = PBXFileReference; explicitFileType = archive.ar; includeInIndex = 0; path = "libPods-LWImageBrowserTests.a"; sourceTree = BUILT_PRODUCTS_DIR; };
		BD44235296C1B3C30C71C6B1 /* Pods-LWImageBrowser.release.xcconfig */ = {isa = PBXFileReference; includeInIndex = 1; lastKnownFileType = text.xcconfig; name = "Pods-LWImageBrowser.release.xcconfig"; path = "Pods/Target Support Files/Pods-LWImageBrowser/Pods-LWImageBrowser.release.xcconfig"; sourceTree = "<group>"; };
		D56F5D6AE9EE9007C695FFD3 /* Pods-LWImageBrowserTests.debug.xcconfig */ = {isa = PBXFileReference; includeInIndex = 1; lastKnownFileType = text.xcconfig; name = "Pods-LWImageBrowserTests.debug.xcconfig"; path = "Pods/Target Support Files/Pods-LWImageBrowserTests/Pods-LWImageBrowserTests.debug.xcconfig"; sourceTree = "<group>"; };
/* End PBXFileReference section */

/* Begin PBXFrameworksBuildPhase section */
		0D576AD91E892177004DD88A /* Frameworks */ = {
			isa = PBXFrameworksBuildPhase;
			buildActionMask = 2147483647;
			files = (
				F694E744A4D24C296D1E2FCE /* libPods-LWImageBrowser.a in Frameworks */,
			);
			runOnlyForDeploymentPostprocessing = 0;
		};
		0D576AF21E892177004DD88A /* Frameworks */ = {
			isa = PBXFrameworksBuildPhase;
			buildActionMask = 2147483647;
			files = (
				FF9B250016CDDD1DD13C910C /* libPods-LWImageBrowserTests.a in Frameworks */,
			);
			runOnlyForDeploymentPostprocessing = 0;
		};
		0D576AFD1E892177004DD88A /* Frameworks */ = {
			isa = PBXFrameworksBuildPhase;
			buildActionMask = 2147483647;
			files = (
				4D6423B283273B7B8D670374 /* libPods-LWImageBrowserUITests.a in Frameworks */,
			);
			runOnlyForDeploymentPostprocessing = 0;
		};
/* End PBXFrameworksBuildPhase section */

/* Begin PBXGroup section */
		0D576AD31E892177004DD88A = {
			isa = PBXGroup;
			children = (
				0D576ADE1E892177004DD88A /* LWImageBrowser */,
				0D576AF81E892177004DD88A /* LWImageBrowserTests */,
				0D576B031E892177004DD88A /* LWImageBrowserUITests */,
				0D576ADD1E892177004DD88A /* Products */,
				9C0937AF7B383F52EC5EDF27 /* Pods */,
				14792B12E26110A9646E4A58 /* Frameworks */,
			);
			sourceTree = "<group>";
		};
		0D576ADD1E892177004DD88A /* Products */ = {
			isa = PBXGroup;
			children = (
				0D576ADC1E892177004DD88A /* LWImageBrowser.app */,
				0D576AF51E892177004DD88A /* LWImageBrowserTests.xctest */,
				0D576B001E892177004DD88A /* LWImageBrowserUITests.xctest */,
			);
			name = Products;
			sourceTree = "<group>";
		};
		0D576ADE1E892177004DD88A /* LWImageBrowser */ = {
			isa = PBXGroup;
			children = (
				0DEE74341FE76A2A0046A983 /* BrowserImage */,
				0DEE742C1FE76A2A0046A983 /* ImageCollectionView */,
				0D576AE21E892177004DD88A /* AppDelegate.h */,
				0D576AE31E892177004DD88A /* AppDelegate.m */,
				0D576AE51E892177004DD88A /* ViewController.h */,
				0D576AE61E892177004DD88A /* ViewController.m */,
				0D576AE81E892177004DD88A /* Main.storyboard */,
				0D576AEB1E892177004DD88A /* Assets.xcassets */,
				0D576AED1E892177004DD88A /* LaunchScreen.storyboard */,
				0D576AF01E892177004DD88A /* Info.plist */,
				0DEE74451FE76BC80046A983 /* PrefixHeader.pch */,
				0D576ADF1E892177004DD88A /* Supporting Files */,
			);
			path = LWImageBrowser;
			sourceTree = "<group>";
		};
		0D576ADF1E892177004DD88A /* Supporting Files */ = {
			isa = PBXGroup;
			children = (
				0D576AE01E892177004DD88A /* main.m */,
			);
			name = "Supporting Files";
			sourceTree = "<group>";
		};
		0D576AF81E892177004DD88A /* LWImageBrowserTests */ = {
			isa = PBXGroup;
			children = (
				0D576AF91E892177004DD88A /* LWImageBrowserTests.m */,
				0D576AFB1E892177004DD88A /* Info.plist */,
			);
			path = LWImageBrowserTests;
			sourceTree = "<group>";
		};
		0D576B031E892177004DD88A /* LWImageBrowserUITests */ = {
			isa = PBXGroup;
			children = (
				0D576B041E892177004DD88A /* LWImageBrowserUITests.m */,
				0D576B061E892177004DD88A /* Info.plist */,
			);
			path = LWImageBrowserUITests;
			sourceTree = "<group>";
		};
		0DEE742C1FE76A2A0046A983 /* ImageCollectionView */ = {
			isa = PBXGroup;
			children = (
				0DEE742D1FE76A2A0046A983 /* BXLImageCollectionCellModel.h */,
				0DEE742E1FE76A2A0046A983 /* BXLImageCollectionCellModel.m */,
				0DEE742F1FE76A2A0046A983 /* BXLImageCollectionView.h */,
				0DEE74301FE76A2A0046A983 /* BXLImageCollectionView.m */,
				0DEE74311FE76A2A0046A983 /* BXLImageCollectionViewCell.h */,
				0DEE74321FE76A2A0046A983 /* BXLImageCollectionViewCell.m */,
				0DEE74331FE76A2A0046A983 /* BXLImageCollectionViewCell.xib */,
			);
			path = ImageCollectionView;
			sourceTree = "<group>";
		};
		0DEE74341FE76A2A0046A983 /* BrowserImage */ = {
			isa = PBXGroup;
			children = (
				0DEE74351FE76A2A0046A983 /* BXLBrowserImageCellModel.h */,
				0DEE74361FE76A2A0046A983 /* BXLBrowserImageCellModel.m */,
				0DEE74371FE76A2A0046A983 /* BXLBrowserImageCollectionViewCell.h */,
				0DEE74381FE76A2A0046A983 /* BXLBrowserImageCollectionViewCell.m */,
				0DEE74391FE76A2A0046A983 /* BXLBrowserImageManager.h */,
				0DEE743A1FE76A2A0046A983 /* BXLBrowserImageManager.m */,
				0DEE743B1FE76A2A0046A983 /* BXLBrowserImageViewController.h */,
				0DEE743C1FE76A2A0046A983 /* BXLBrowserImageViewController.m */,
				0DBB9D342058F4F7002010A5 /* BXLBrowserHeader.h */,
			);
			path = BrowserImage;
			sourceTree = "<group>";
		};
		14792B12E26110A9646E4A58 /* Frameworks */ = {
			isa = PBXGroup;
			children = (
				68C17001F1980C8086495B58 /* libPods-LWImageBrowser.a */,
				A8B7DF343C6499E5A16FD4DA /* libPods-LWImageBrowserTests.a */,
				212A240E927A19B68B3B6761 /* libPods-LWImageBrowserUITests.a */,
			);
			name = Frameworks;
			sourceTree = "<group>";
		};
		9C0937AF7B383F52EC5EDF27 /* Pods */ = {
			isa = PBXGroup;
			children = (
				1BB37B03DE879EEF06E9B2A2 /* Pods-LWImageBrowser.debug.xcconfig */,
				BD44235296C1B3C30C71C6B1 /* Pods-LWImageBrowser.release.xcconfig */,
				D56F5D6AE9EE9007C695FFD3 /* Pods-LWImageBrowserTests.debug.xcconfig */,
				2B1973415271A914FD129C5C /* Pods-LWImageBrowserTests.release.xcconfig */,
				78F631BD867FE53724DC50BD /* Pods-LWImageBrowserUITests.debug.xcconfig */,
				3CA8311D5AB5BA7240ABDC5A /* Pods-LWImageBrowserUITests.release.xcconfig */,
			);
			name = Pods;
			sourceTree = "<group>";
		};
/* End PBXGroup section */

/* Begin PBXNativeTarget section */
		0D576ADB1E892177004DD88A /* LWImageBrowser */ = {
			isa = PBXNativeTarget;
			buildConfigurationList = 0D576B091E892177004DD88A /* Build configuration list for PBXNativeTarget "LWImageBrowser" */;
			buildPhases = (
				73221CE78EA2EF073A3BFD96 /* [CP] Check Pods Manifest.lock */,
				0D576AD81E892177004DD88A /* Sources */,
				0D576AD91E892177004DD88A /* Frameworks */,
				0D576ADA1E892177004DD88A /* Resources */,
				2D9525DC5E95071F60E9DAE3 /* [CP] Embed Pods Frameworks */,
				D3016F0C2B4DA7D994FF9C6D /* [CP] Copy Pods Resources */,
			);
			buildRules = (
			);
			dependencies = (
			);
			name = LWImageBrowser;
			productName = LWImageBrowser;
			productReference = 0D576ADC1E892177004DD88A /* LWImageBrowser.app */;
			productType = "com.apple.product-type.application";
		};
		0D576AF41E892177004DD88A /* LWImageBrowserTests */ = {
			isa = PBXNativeTarget;
			buildConfigurationList = 0D576B0C1E892177004DD88A /* Build configuration list for PBXNativeTarget "LWImageBrowserTests" */;
			buildPhases = (
				A783F6396E42E111F4CE4056 /* [CP] Check Pods Manifest.lock */,
				0D576AF11E892177004DD88A /* Sources */,
				0D576AF21E892177004DD88A /* Frameworks */,
				0D576AF31E892177004DD88A /* Resources */,
				535B24D96C723CD7D992D2CB /* [CP] Embed Pods Frameworks */,
				97E9EA795922ADE7A12594CB /* [CP] Copy Pods Resources */,
			);
			buildRules = (
			);
			dependencies = (
				0D576AF71E892177004DD88A /* PBXTargetDependency */,
			);
			name = LWImageBrowserTests;
			productName = LWImageBrowserTests;
			productReference = 0D576AF51E892177004DD88A /* LWImageBrowserTests.xctest */;
			productType = "com.apple.product-type.bundle.unit-test";
		};
		0D576AFF1E892177004DD88A /* LWImageBrowserUITests */ = {
			isa = PBXNativeTarget;
			buildConfigurationList = 0D576B0F1E892177004DD88A /* Build configuration list for PBXNativeTarget "LWImageBrowserUITests" */;
			buildPhases = (
				D00D5CFCC079C3DC85EC32E0 /* [CP] Check Pods Manifest.lock */,
				0D576AFC1E892177004DD88A /* Sources */,
				0D576AFD1E892177004DD88A /* Frameworks */,
				0D576AFE1E892177004DD88A /* Resources */,
				D23236AE8B1D10AD9885400C /* [CP] Embed Pods Frameworks */,
				2DC58312ECCA3B127D1F7E61 /* [CP] Copy Pods Resources */,
			);
			buildRules = (
			);
			dependencies = (
				0D576B021E892177004DD88A /* PBXTargetDependency */,
			);
			name = LWImageBrowserUITests;
			productName = LWImageBrowserUITests;
			productReference = 0D576B001E892177004DD88A /* LWImageBrowserUITests.xctest */;
			productType = "com.apple.product-type.bundle.ui-testing";
		};
/* End PBXNativeTarget section */

/* Begin PBXProject section */
		0D576AD41E892177004DD88A /* Project object */ = {
			isa = PBXProject;
			attributes = {
				LastUpgradeCheck = 0820;
				ORGANIZATIONNAME = leven;
				TargetAttributes = {
					0D576ADB1E892177004DD88A = {
						CreatedOnToolsVersion = 8.2.1;
						DevelopmentTeam = EV459VZ2V3;
						ProvisioningStyle = Automatic;
					};
					0D576AF41E892177004DD88A = {
						CreatedOnToolsVersion = 8.2.1;
						ProvisioningStyle = Automatic;
						TestTargetID = 0D576ADB1E892177004DD88A;
					};
					0D576AFF1E892177004DD88A = {
						CreatedOnToolsVersion = 8.2.1;
						ProvisioningStyle = Automatic;
						TestTargetID = 0D576ADB1E892177004DD88A;
					};
				};
			};
			buildConfigurationList = 0D576AD71E892177004DD88A /* Build configuration list for PBXProject "LWImageBrowser" */;
			compatibilityVersion = "Xcode 3.2";
			developmentRegion = English;
			hasScannedForEncodings = 0;
			knownRegions = (
				en,
				Base,
			);
			mainGroup = 0D576AD31E892177004DD88A;
			productRefGroup = 0D576ADD1E892177004DD88A /* Products */;
			projectDirPath = "";
			projectRoot = "";
			targets = (
				0D576ADB1E892177004DD88A /* LWImageBrowser */,
				0D576AF41E892177004DD88A /* LWImageBrowserTests */,
				0D576AFF1E892177004DD88A /* LWImageBrowserUITests */,
			);
		};
/* End PBXProject section */

/* Begin PBXResourcesBuildPhase section */
		0D576ADA1E892177004DD88A /* Resources */ = {
			isa = PBXResourcesBuildPhase;
			buildActionMask = 2147483647;
			files = (
				0D576AEF1E892177004DD88A /* LaunchScreen.storyboard in Resources */,
				0DEE74401FE76A2A0046A983 /* BXLImageCollectionViewCell.xib in Resources */,
				0D576AEC1E892177004DD88A /* Assets.xcassets in Resources */,
				0D576AEA1E892177004DD88A /* Main.storyboard in Resources */,
			);
			runOnlyForDeploymentPostprocessing = 0;
		};
		0D576AF31E892177004DD88A /* Resources */ = {
			isa = PBXResourcesBuildPhase;
			buildActionMask = 2147483647;
			files = (
			);
			runOnlyForDeploymentPostprocessing = 0;
		};
		0D576AFE1E892177004DD88A /* Resources */ = {
			isa = PBXResourcesBuildPhase;
			buildActionMask = 2147483647;
			files = (
			);
			runOnlyForDeploymentPostprocessing = 0;
		};
/* End PBXResourcesBuildPhase section */

/* Begin PBXShellScriptBuildPhase section */
		2D9525DC5E95071F60E9DAE3 /* [CP] Embed Pods Frameworks */ = {
			isa = PBXShellScriptBuildPhase;
			buildActionMask = 2147483647;
			files = (
			);
			inputPaths = (
			);
			name = "[CP] Embed Pods Frameworks";
			outputPaths = (
			);
			runOnlyForDeploymentPostprocessing = 0;
			shellPath = /bin/sh;
			shellScript = "\"${SRCROOT}/Pods/Target Support Files/Pods-LWImageBrowser/Pods-LWImageBrowser-frameworks.sh\"\n";
			showEnvVarsInLog = 0;
		};
		2DC58312ECCA3B127D1F7E61 /* [CP] Copy Pods Resources */ = {
			isa = PBXShellScriptBuildPhase;
			buildActionMask = 2147483647;
			files = (
			);
			inputPaths = (
			);
			name = "[CP] Copy Pods Resources";
			outputPaths = (
			);
			runOnlyForDeploymentPostprocessing = 0;
			shellPath = /bin/sh;
			shellScript = "\"${SRCROOT}/Pods/Target Support Files/Pods-LWImageBrowserUITests/Pods-LWImageBrowserUITests-resources.sh\"\n";
			showEnvVarsInLog = 0;
		};
		535B24D96C723CD7D992D2CB /* [CP] Embed Pods Frameworks */ = {
			isa = PBXShellScriptBuildPhase;
			buildActionMask = 2147483647;
			files = (
			);
			inputPaths = (
			);
			name = "[CP] Embed Pods Frameworks";
			outputPaths = (
			);
			runOnlyForDeploymentPostprocessing = 0;
			shellPath = /bin/sh;
			shellScript = "\"${SRCROOT}/Pods/Target Support Files/Pods-LWImageBrowserTests/Pods-LWImageBrowserTests-frameworks.sh\"\n";
			showEnvVarsInLog = 0;
		};
		73221CE78EA2EF073A3BFD96 /* [CP] Check Pods Manifest.lock */ = {
			isa = PBXShellScriptBuildPhase;
			buildActionMask = 2147483647;
			files = (
			);
			inputPaths = (
			);
			name = "[CP] Check Pods Manifest.lock";
			outputPaths = (
			);
			runOnlyForDeploymentPostprocessing = 0;
			shellPath = /bin/sh;
			shellScript = "diff \"${PODS_ROOT}/../Podfile.lock\" \"${PODS_ROOT}/Manifest.lock\" > /dev/null\nif [ $? != 0 ] ; then\n    # print error to STDERR\n    echo \"error: The sandbox is not in sync with the Podfile.lock. Run 'pod install' or update your CocoaPods installation.\" >&2\n    exit 1\nfi\n";
			showEnvVarsInLog = 0;
		};
		97E9EA795922ADE7A12594CB /* [CP] Copy Pods Resources */ = {
			isa = PBXShellScriptBuildPhase;
			buildActionMask = 2147483647;
			files = (
			);
			inputPaths = (
			);
			name = "[CP] Copy Pods Resources";
			outputPaths = (
			);
			runOnlyForDeploymentPostprocessing = 0;
			shellPath = /bin/sh;
			shellScript = "\"${SRCROOT}/Pods/Target Support Files/Pods-LWImageBrowserTests/Pods-LWImageBrowserTests-resources.sh\"\n";
			showEnvVarsInLog = 0;
		};
		A783F6396E42E111F4CE4056 /* [CP] Check Pods Manifest.lock */ = {
			isa = PBXShellScriptBuildPhase;
			buildActionMask = 2147483647;
			files = (
			);
			inputPaths = (
			);
			name = "[CP] Check Pods Manifest.lock";
			outputPaths = (
			);
			runOnlyForDeploymentPostprocessing = 0;
			shellPath = /bin/sh;
			shellScript = "diff \"${PODS_ROOT}/../Podfile.lock\" \"${PODS_ROOT}/Manifest.lock\" > /dev/null\nif [ $? != 0 ] ; then\n    # print error to STDERR\n    echo \"error: The sandbox is not in sync with the Podfile.lock. Run 'pod install' or update your CocoaPods installation.\" >&2\n    exit 1\nfi\n";
			showEnvVarsInLog = 0;
		};
		D00D5CFCC079C3DC85EC32E0 /* [CP] Check Pods Manifest.lock */ = {
			isa = PBXShellScriptBuildPhase;
			buildActionMask = 2147483647;
			files = (
			);
			inputPaths = (
			);
			name = "[CP] Check Pods Manifest.lock";
			outputPaths = (
			);
			runOnlyForDeploymentPostprocessing = 0;
			shellPath = /bin/sh;
			shellScript = "diff \"${PODS_ROOT}/../Podfile.lock\" \"${PODS_ROOT}/Manifest.lock\" > /dev/null\nif [ $? != 0 ] ; then\n    # print error to STDERR\n    echo \"error: The sandbox is not in sync with the Podfile.lock. Run 'pod install' or update your CocoaPods installation.\" >&2\n    exit 1\nfi\n";
			showEnvVarsInLog = 0;
		};
		D23236AE8B1D10AD9885400C /* [CP] Embed Pods Frameworks */ = {
			isa = PBXShellScriptBuildPhase;
			buildActionMask = 2147483647;
			files = (
			);
			inputPaths = (
			);
			name = "[CP] Embed Pods Frameworks";
			outputPaths = (
			);
			runOnlyForDeploymentPostprocessing = 0;
			shellPath = /bin/sh;
			shellScript = "\"${SRCROOT}/Pods/Target Support Files/Pods-LWImageBrowserUITests/Pods-LWImageBrowserUITests-frameworks.sh\"\n";
			showEnvVarsInLog = 0;
		};
		D3016F0C2B4DA7D994FF9C6D /* [CP] Copy Pods Resources */ = {
			isa = PBXShellScriptBuildPhase;
			buildActionMask = 2147483647;
			files = (
			);
			inputPaths = (
			);
			name = "[CP] Copy Pods Resources";
			outputPaths = (
			);
			runOnlyForDeploymentPostprocessing = 0;
			shellPath = /bin/sh;
			shellScript = "\"${SRCROOT}/Pods/Target Support Files/Pods-LWImageBrowser/Pods-LWImageBrowser-resources.sh\"\n";
			showEnvVarsInLog = 0;
		};
/* End PBXShellScriptBuildPhase section */

/* Begin PBXSourcesBuildPhase section */
		0D576AD81E892177004DD88A /* Sources */ = {
			isa = PBXSourcesBuildPhase;
			buildActionMask = 2147483647;
			files = (
				0DEE74441FE76A2A0046A983 /* BXLBrowserImageViewController.m in Sources */,
				0D576AE71E892177004DD88A /* ViewController.m in Sources */,
				0DEE74421FE76A2A0046A983 /* BXLBrowserImageCollectionViewCell.m in Sources */,
				0D576AE41E892177004DD88A /* AppDelegate.m in Sources */,
				0DEE74431FE76A2A0046A983 /* BXLBrowserImageManager.m in Sources */,
				0DEE74411FE76A2A0046A983 /* BXLBrowserImageCellModel.m in Sources */,
				0DEE743E1FE76A2A0046A983 /* BXLImageCollectionView.m in Sources */,
				0DEE743F1FE76A2A0046A983 /* BXLImageCollectionViewCell.m in Sources */,
				0D576AE11E892177004DD88A /* main.m in Sources */,
				0DEE743D1FE76A2A0046A983 /* BXLImageCollectionCellModel.m in Sources */,
			);
			runOnlyForDeploymentPostprocessing = 0;
		};
		0D576AF11E892177004DD88A /* Sources */ = {
			isa = PBXSourcesBuildPhase;
			buildActionMask = 2147483647;
			files = (
				0D576AFA1E892177004DD88A /* LWImageBrowserTests.m in Sources */,
			);
			runOnlyForDeploymentPostprocessing = 0;
		};
		0D576AFC1E892177004DD88A /* Sources */ = {
			isa = PBXSourcesBuildPhase;
			buildActionMask = 2147483647;
			files = (
				0D576B051E892177004DD88A /* LWImageBrowserUITests.m in Sources */,
			);
			runOnlyForDeploymentPostprocessing = 0;
		};
/* End PBXSourcesBuildPhase section */

/* Begin PBXTargetDependency section */
		0D576AF71E892177004DD88A /* PBXTargetDependency */ = {
			isa = PBXTargetDependency;
			target = 0D576ADB1E892177004DD88A /* LWImageBrowser */;
			targetProxy = 0D576AF61E892177004DD88A /* PBXContainerItemProxy */;
		};
		0D576B021E892177004DD88A /* PBXTargetDependency */ = {
			isa = PBXTargetDependency;
			target = 0D576ADB1E892177004DD88A /* LWImageBrowser */;
			targetProxy = 0D576B011E892177004DD88A /* PBXContainerItemProxy */;
		};
/* End PBXTargetDependency section */

/* Begin PBXVariantGroup section */
		0D576AE81E892177004DD88A /* Main.storyboard */ = {
			isa = PBXVariantGroup;
			children = (
				0D576AE91E892177004DD88A /* Base */,
			);
			name = Main.storyboard;
			sourceTree = "<group>";
		};
		0D576AED1E892177004DD88A /* LaunchScreen.storyboard */ = {
			isa = PBXVariantGroup;
			children = (
				0D576AEE1E892177004DD88A /* Base */,
			);
			name = LaunchScreen.storyboard;
			sourceTree = "<group>";
		};
/* End PBXVariantGroup section */

/* Begin XCBuildConfiguration section */
		0D576B071E892177004DD88A /* Debug */ = {
			isa = XCBuildConfiguration;
			buildSettings = {
				ALWAYS_SEARCH_USER_PATHS = NO;
				CLANG_ANALYZER_NONNULL = YES;
				CLANG_CXX_LANGUAGE_STANDARD = "gnu++0x";
				CLANG_CXX_LIBRARY = "libc++";
				CLANG_ENABLE_MODULES = YES;
				CLANG_ENABLE_OBJC_ARC = YES;
				CLANG_WARN_BOOL_CONVERSION = YES;
				CLANG_WARN_CONSTANT_CONVERSION = YES;
				CLANG_WARN_DIRECT_OBJC_ISA_USAGE = YES_ERROR;
				CLANG_WARN_DOCUMENTATION_COMMENTS = YES;
				CLANG_WARN_EMPTY_BODY = YES;
				CLANG_WARN_ENUM_CONVERSION = YES;
				CLANG_WARN_INFINITE_RECURSION = YES;
				CLANG_WARN_INT_CONVERSION = YES;
				CLANG_WARN_OBJC_ROOT_CLASS = YES_ERROR;
				CLANG_WARN_SUSPICIOUS_MOVE = YES;
				CLANG_WARN_UNREACHABLE_CODE = YES;
				CLANG_WARN__DUPLICATE_METHOD_MATCH = YES;
				"CODE_SIGN_IDENTITY[sdk=iphoneos*]" = "iPhone Developer";
				COPY_PHASE_STRIP = NO;
				DEBUG_INFORMATION_FORMAT = dwarf;
				ENABLE_STRICT_OBJC_MSGSEND = YES;
				ENABLE_TESTABILITY = YES;
				GCC_C_LANGUAGE_STANDARD = gnu99;
				GCC_DYNAMIC_NO_PIC = NO;
				GCC_NO_COMMON_BLOCKS = YES;
				GCC_OPTIMIZATION_LEVEL = 0;
				GCC_PREPROCESSOR_DEFINITIONS = (
					"DEBUG=1",
					"$(inherited)",
				);
				GCC_WARN_64_TO_32_BIT_CONVERSION = YES;
				GCC_WARN_ABOUT_RETURN_TYPE = YES_ERROR;
				GCC_WARN_UNDECLARED_SELECTOR = YES;
				GCC_WARN_UNINITIALIZED_AUTOS = YES_AGGRESSIVE;
				GCC_WARN_UNUSED_FUNCTION = YES;
				GCC_WARN_UNUSED_VARIABLE = YES;
				IPHONEOS_DEPLOYMENT_TARGET = 10.2;
				MTL_ENABLE_DEBUG_INFO = YES;
				ONLY_ACTIVE_ARCH = YES;
				SDKROOT = iphoneos;
				TARGETED_DEVICE_FAMILY = "1,2";
			};
			name = Debug;
		};
		0D576B081E892177004DD88A /* Release */ = {
			isa = XCBuildConfiguration;
			buildSettings = {
				ALWAYS_SEARCH_USER_PATHS = NO;
				CLANG_ANALYZER_NONNULL = YES;
				CLANG_CXX_LANGUAGE_STANDARD = "gnu++0x";
				CLANG_CXX_LIBRARY = "libc++";
				CLANG_ENABLE_MODULES = YES;
				CLANG_ENABLE_OBJC_ARC = YES;
				CLANG_WARN_BOOL_CONVERSION = YES;
				CLANG_WARN_CONSTANT_CONVERSION = YES;
				CLANG_WARN_DIRECT_OBJC_ISA_USAGE = YES_ERROR;
				CLANG_WARN_DOCUMENTATION_COMMENTS = YES;
				CLANG_WARN_EMPTY_BODY = YES;
				CLANG_WARN_ENUM_CONVERSION = YES;
				CLANG_WARN_INFINITE_RECURSION = YES;
				CLANG_WARN_INT_CONVERSION = YES;
				CLANG_WARN_OBJC_ROOT_CLASS = YES_ERROR;
				CLANG_WARN_SUSPICIOUS_MOVE = YES;
				CLANG_WARN_UNREACHABLE_CODE = YES;
				CLANG_WARN__DUPLICATE_METHOD_MATCH = YES;
				"CODE_SIGN_IDENTITY[sdk=iphoneos*]" = "iPhone Developer";
				COPY_PHASE_STRIP = NO;
				DEBUG_INFORMATION_FORMAT = "dwarf-with-dsym";
				ENABLE_NS_ASSERTIONS = NO;
				ENABLE_STRICT_OBJC_MSGSEND = YES;
				GCC_C_LANGUAGE_STANDARD = gnu99;
				GCC_NO_COMMON_BLOCKS = YES;
				GCC_WARN_64_TO_32_BIT_CONVERSION = YES;
				GCC_WARN_ABOUT_RETURN_TYPE = YES_ERROR;
				GCC_WARN_UNDECLARED_SELECTOR = YES;
				GCC_WARN_UNINITIALIZED_AUTOS = YES_AGGRESSIVE;
				GCC_WARN_UNUSED_FUNCTION = YES;
				GCC_WARN_UNUSED_VARIABLE = YES;
				IPHONEOS_DEPLOYMENT_TARGET = 10.2;
				MTL_ENABLE_DEBUG_INFO = NO;
				SDKROOT = iphoneos;
				TARGETED_DEVICE_FAMILY = "1,2";
				VALIDATE_PRODUCT = YES;
			};
			name = Release;
		};
		0D576B0A1E892177004DD88A /* Debug */ = {
			isa = XCBuildConfiguration;
			baseConfigurationReference = 1BB37B03DE879EEF06E9B2A2 /* Pods-LWImageBrowser.debug.xcconfig */;
			buildSettings = {
				ASSETCATALOG_COMPILER_APPICON_NAME = AppIcon;
				DEVELOPMENT_TEAM = EV459VZ2V3;
				GCC_PREFIX_HEADER = "$(SRCROOT)/LWImageBrowser/PrefixHeader.pch";
				INFOPLIST_FILE = LWImageBrowser/Info.plist;
				IPHONEOS_DEPLOYMENT_TARGET = 9.0;
				LD_RUNPATH_SEARCH_PATHS = "$(inherited) @executable_path/Frameworks";
				PRODUCT_BUNDLE_IDENTIFIER = leven.LWImageBrowser;
				PRODUCT_NAME = "$(TARGET_NAME)";
			};
			name = Debug;
		};
		0D576B0B1E892177004DD88A /* Release */ = {
			isa = XCBuildConfiguration;
			baseConfigurationReference = BD44235296C1B3C30C71C6B1 /* Pods-LWImageBrowser.release.xcconfig */;
			buildSettings = {
				ASSETCATALOG_COMPILER_APPICON_NAME = AppIcon;
				DEVELOPMENT_TEAM = EV459VZ2V3;
				GCC_PREFIX_HEADER = "$(SRCROOT)/LWImageBrowser/PrefixHeader.pch";
				INFOPLIST_FILE = LWImageBrowser/Info.plist;
				IPHONEOS_DEPLOYMENT_TARGET = 9.0;
				LD_RUNPATH_SEARCH_PATHS = "$(inherited) @executable_path/Frameworks";
				PRODUCT_BUNDLE_IDENTIFIER = leven.LWImageBrowser;
				PRODUCT_NAME = "$(TARGET_NAME)";
			};
			name = Release;
		};
		0D576B0D1E892177004DD88A /* Debug */ = {
			isa = XCBuildConfiguration;
			baseConfigurationReference = D56F5D6AE9EE9007C695FFD3 /* Pods-LWImageBrowserTests.debug.xcconfig */;
			buildSettings = {
				BUNDLE_LOADER = "$(TEST_HOST)";
				INFOPLIST_FILE = LWImageBrowserTests/Info.plist;
				LD_RUNPATH_SEARCH_PATHS = "$(inherited) @executable_path/Frameworks @loader_path/Frameworks";
				PRODUCT_BUNDLE_IDENTIFIER = leven.LWImageBrowserTests;
				PRODUCT_NAME = "$(TARGET_NAME)";
				TEST_HOST = "$(BUILT_PRODUCTS_DIR)/LWImageBrowser.app/LWImageBrowser";
			};
			name = Debug;
		};
		0D576B0E1E892177004DD88A /* Release */ = {
			isa = XCBuildConfiguration;
			baseConfigurationReference = 2B1973415271A914FD129C5C /* Pods-LWImageBrowserTests.release.xcconfig */;
			buildSettings = {
				BUNDLE_LOADER = "$(TEST_HOST)";
				INFOPLIST_FILE = LWImageBrowserTests/Info.plist;
				LD_RUNPATH_SEARCH_PATHS = "$(inherited) @executable_path/Frameworks @loader_path/Frameworks";
				PRODUCT_BUNDLE_IDENTIFIER = leven.LWImageBrowserTests;
				PRODUCT_NAME = "$(TARGET_NAME)";
				TEST_HOST = "$(BUILT_PRODUCTS_DIR)/LWImageBrowser.app/LWImageBrowser";
			};
			name = Release;
		};
		0D576B101E892177004DD88A /* Debug */ = {
			isa = XCBuildConfiguration;
			baseConfigurationReference = 78F631BD867FE53724DC50BD /* Pods-LWImageBrowserUITests.debug.xcconfig */;
			buildSettings = {
				INFOPLIST_FILE = LWImageBrowserUITests/Info.plist;
				LD_RUNPATH_SEARCH_PATHS = "$(inherited) @executable_path/Frameworks @loader_path/Frameworks";
				PRODUCT_BUNDLE_IDENTIFIER = leven.LWImageBrowserUITests;
				PRODUCT_NAME = "$(TARGET_NAME)";
				TEST_TARGET_NAME = LWImageBrowser;
			};
			name = Debug;
		};
		0D576B111E892177004DD88A /* Release */ = {
			isa = XCBuildConfiguration;
			baseConfigurationReference = 3CA8311D5AB5BA7240ABDC5A /* Pods-LWImageBrowserUITests.release.xcconfig */;
			buildSettings = {
				INFOPLIST_FILE = LWImageBrowserUITests/Info.plist;
				LD_RUNPATH_SEARCH_PATHS = "$(inherited) @executable_path/Frameworks @loader_path/Frameworks";
				PRODUCT_BUNDLE_IDENTIFIER = leven.LWImageBrowserUITests;
				PRODUCT_NAME = "$(TARGET_NAME)";
				TEST_TARGET_NAME = LWImageBrowser;
			};
			name = Release;
		};
/* End XCBuildConfiguration section */

/* Begin XCConfigurationList section */
		0D576AD71E892177004DD88A /* Build configuration list for PBXProject "LWImageBrowser" */ = {
			isa = XCConfigurationList;
			buildConfigurations = (
				0D576B071E892177004DD88A /* Debug */,
				0D576B081E892177004DD88A /* Release */,
			);
			defaultConfigurationIsVisible = 0;
			defaultConfigurationName = Release;
		};
		0D576B091E892177004DD88A /* Build configuration list for PBXNativeTarget "LWImageBrowser" */ = {
			isa = XCConfigurationList;
			buildConfigurations = (
				0D576B0A1E892177004DD88A /* Debug */,
				0D576B0B1E892177004DD88A /* Release */,
			);
			defaultConfigurationIsVisible = 0;
			defaultConfigurationName = Release;
		};
		0D576B0C1E892177004DD88A /* Build configuration list for PBXNativeTarget "LWImageBrowserTests" */ = {
			isa = XCConfigurationList;
			buildConfigurations = (
				0D576B0D1E892177004DD88A /* Debug */,
				0D576B0E1E892177004DD88A /* Release */,
			);
			defaultConfigurationIsVisible = 0;
			defaultConfigurationName = Release;
		};
		0D576B0F1E892177004DD88A /* Build configuration list for PBXNativeTarget "LWImageBrowserUITests" */ = {
			isa = XCConfigurationList;
			buildConfigurations = (
				0D576B101E892177004DD88A /* Debug */,
				0D576B111E892177004DD88A /* Release */,
			);
			defaultConfigurationIsVisible = 0;
			defaultConfigurationName = Release;
		};
/* End XCConfigurationList section */
	};
	rootObject = 0D576AD41E892177004DD88A /* Project object */;
}
